
Microsoft Visual Studio Solution File, Format Version 12.00
# Visual Studio Version 17
VisualStudioVersion = 17.14.36717.8
MinimumVisualStudioVersion = 10.0.40219.1
Project("{2150E333-8FDC-42A3-9474-1A3956D46DE8}") = "Task0", "Task0", "{02EA681E-C7D8-13C7-8484-4AC65E1B71E8}"
EndProject
Project("{FAE04EC0-301F-11D3-BF4B-00C04F79EFBC}") = "Tyuiu.SozonovaVA.Sprint2.Task0.V22", "Tyuiu.SozonovaVA.Sprint2.Task0.V22\Tyuiu.SozonovaVA.Sprint2.Task0.V22.csproj", "{782B952A-8643-4ACE-AA40-5AAE3D3F9B17}"
EndProject
Project("{FAE04EC0-301F-11D3-BF4B-00C04F79EFBC}") = "Tyuiu.SozonovaVA.Sprint2.Task0.V22.Lib", "Tyuiu.SozonovaVA.Sprint2.Task0.V22.Lib\Tyuiu.SozonovaVA.Sprint2.Task0.V22.Lib.csproj", "{69770E50-3E53-4854-935E-60CD2850ECEB}"
EndProject
Project("{FAE04EC0-301F-11D3-BF4B-00C04F79EFBC}") = "Tyuiu.SozonovaVA.Sprint2.Task0.V22.Test", "Tyuiu.SozonovaVA.Sprint2.Task0.V22.Test\Tyuiu.SozonovaVA.Sprint2.Task0.V22.Test.csproj", "{B17E53DB-6308-4846-B753-D69028C16E8E}"
EndProject
Project("{2150E333-8FDC-42A3-9474-1A3956D46DE8}") = "Task1", "Task1", "{09BB30E2-F09C-4E33-9A00-FBBD74EC6189}"
EndProject
Project("{FAE04EC0-301F-11D3-BF4B-00C04F79EFBC}") = "Tyuiu.SozonovaVA.Sprint2.Task1.V13", "Tyuiu.SozonovaVA.Sprint2.Task1.V13\Tyuiu.SozonovaVA.Sprint2.Task1.V13.csproj", "{62A698CA-F3A7-4EA9-BFD8-7173CC6EFA77}"
EndProject
Project("{FAE04EC0-301F-11D3-BF4B-00C04F79EFBC}") = "Tyuiu.SozonovaVA.Sprint2.Task1.V13.Lib", "Tyuiu.SozonovaVA.Sprint2.Task1.V13.Lib\Tyuiu.SozonovaVA.Sprint2.Task1.V13.Lib.csproj", "{5F4A6883-99F1-44C5-8E65-4EE5A35BD88F}"
EndProject
Project("{FAE04EC0-301F-11D3-BF4B-00C04F79EFBC}") = "Tyuiu.SozonovaVA.Sprint2.Task1.V13.Test", "Tyuiu.SozonovaVA.Sprint2.Task1.V13.Test\Tyuiu.SozonovaVA.Sprint2.Task1.V13.Test.csproj", "{2DB88EFC-6D75-4F87-AF3F-2C311ABC468A}"
EndProject
Project("{2150E333-8FDC-42A3-9474-1A3956D46DE8}") = "Task2", "Task2", "{2DD10BC2-75C2-4740-8396-C2978F299F2B}"
EndProject
Project("{2150E333-8FDC-42A3-9474-1A3956D46DE8}") = "Task3", "Task3", "{D4D1999C-BE74-447F-8908-BCE10BD7D334}"
EndProject
Project("{FAE04EC0-301F-11D3-BF4B-00C04F79EFBC}") = "Tyuiu.SozonovaVA.Sprint2.Task3.V23", "Tyuiu.SozonovaVA.Sprint2.Task3.V23\Tyuiu.SozonovaVA.Sprint2.Task3.V23.csproj", "{F6CFC61D-F0F6-4B43-8480-1D4EA430B28C}"
EndProject
Project("{FAE04EC0-301F-11D3-BF4B-00C04F79EFBC}") = "Tyuiu.SozonovaVA.Sprint2.Task3.V23.Lib", "Tyuiu.SozonovaVA.Sprint2.Task3.V23.Lib\Tyuiu.SozonovaVA.Sprint2.Task3.V23.Lib.csproj", "{1C48E52C-B868-4619-A0AB-5E811B0391B5}"
EndProject
Project("{FAE04EC0-301F-11D3-BF4B-00C04F79EFBC}") = "Tyuiu.SozonovaVA.Sprint2.Task3.V23.Test", "Tyuiu.SozonovaVA.Sprint2.Task3.V23.Test\Tyuiu.SozonovaVA.Sprint2.Task3.V23.Test.csproj", "{9A2A4731-45F2-4280-A992-6AEBC4B4E180}"
EndProject
Project("{FAE04EC0-301F-11D3-BF4B-00C04F79EFBC}") = "Tyuiu.SozonovaVA.Sprint2.Task2.V17", "Tyuiu.SozonovaVA.Sprint2.Task2.V17\Tyuiu.SozonovaVA.Sprint2.Task2.V17.csproj", "{D8865970-0ADB-4A5D-A44B-CEB18E950906}"
EndProject
Project("{FAE04EC0-301F-11D3-BF4B-00C04F79EFBC}") = "Tyuiu.SozonovaVA.Sprint2.Task2.V17.Lib", "Tyuiu.SozonovaVA.Sprint2.Task2.V17.Lib\Tyuiu.SozonovaVA.Sprint2.Task2.V17.Lib.csproj", "{816BBDC4-512F-4804-848D-C1A1B8E7D718}"
EndProject
Project("{FAE04EC0-301F-11D3-BF4B-00C04F79EFBC}") = "Tyuiu.SozonovaVA.Sprint2.Task2.V17.Test", "Tyuiu.SozonovaVA.Sprint2.Task2.V17.Test\Tyuiu.SozonovaVA.Sprint2.Task2.V17.Test.csproj", "{A1D9FFA1-183A-47A9-BDD4-73DF0154037B}"
EndProject
Project("{2150E333-8FDC-42A3-9474-1A3956D46DE8}") = "Task4", "Task4", "{E35DC0F2-B843-4BB7-9A50-1CF350E0507A}"
EndProject
Project("{FAE04EC0-301F-11D3-BF4B-00C04F79EFBC}") = "Tyuiu.SozonovaVA.Sprint2.Task4.V22", "Tyuiu.SozonovaVA.Sprint2.Task4.V22\Tyuiu.SozonovaVA.Sprint2.Task4.V22.csproj", "{AF302F99-00ED-4F7F-B1B0-306D24949EE6}"
EndProject
Project("{FAE04EC0-301F-11D3-BF4B-00C04F79EFBC}") = "Tyuiu.SozonovaVA.Sprint2.Task4.V22.Lib", "Tyuiu.SozonovaVA.Sprint2.Task4.V22.Lib\Tyuiu.SozonovaVA.Sprint2.Task4.V22.Lib.csproj", "{B6B7EF59-0E0E-4869-A218-BB77192FB261}"
EndProject
Project("{FAE04EC0-301F-11D3-BF4B-00C04F79EFBC}") = "Tyuiu.SozonovaVA.Sprint2.Task4.V22.Test", "Tyuiu.SozonovaVA.Sprint2.Task4.V22.Test\Tyuiu.SozonovaVA.Sprint2.Task4.V22.Test.csproj", "{62C091BF-A5E1-4BB4-B667-5F6A8E1EA63C}"
EndProject
Project("{2150E333-8FDC-42A3-9474-1A3956D46DE8}") = "Task5", "Task5", "{6BCB1D52-BE98-481A-9286-4C040E56A318}"
EndProject
Project("{FAE04EC0-301F-11D3-BF4B-00C04F79EFBC}") = "Tyuiu.SozonovaVA.Sprint2.Task5.V3", "Tyuiu.SozonovaVA.Sprint2.Task5.V3\Tyuiu.SozonovaVA.Sprint2.Task5.V3.csproj", "{5FCAA26D-5BF7-4AED-AF68-64C81E2B51B5}"
EndProject
Project("{FAE04EC0-301F-11D3-BF4B-00C04F79EFBC}") = "Tyuiu.SozonovaVA.Sprint2.Task5.V3.Lib", "Tyuiu.SozonovaVA.Sprint2.Task5.V3.Lib\Tyuiu.SozonovaVA.Sprint2.Task5.V3.Lib.csproj", "{D1E9CB06-20FB-48AB-AA52-1A28DB49B968}"
EndProject
Project("{FAE04EC0-301F-11D3-BF4B-00C04F79EFBC}") = "Tyuiu.SozonovaVA.Sprint2.Task5.V3.Test", "Tyuiu.SozonovaVA.Sprint2.Task5.V3.Test\Tyuiu.SozonovaVA.Sprint2.Task5.V3.Test.csproj", "{C7FE1F4E-108D-4723-A216-E829FDAF33E6}"
EndProject
Project("{2150E333-8FDC-42A3-9474-1A3956D46DE8}") = "Task6", "Task6", "{5E00AEDB-F739-4FD5-B14F-68C3375B2811}"
EndProject
Project("{FAE04EC0-301F-11D3-BF4B-00C04F79EFBC}") = "Tyuiu.SozonovaVA.Sprint2.Task6.V5", "Tyuiu.SozonovaVA.Sprint2.Task6.V5\Tyuiu.SozonovaVA.Sprint2.Task6.V5.csproj", "{26669ABD-9725-4873-8141-BACE4BD99F01}"
EndProject
Project("{FAE04EC0-301F-11D3-BF4B-00C04F79EFBC}") = "Tyuiu.SozonovaVA.Sprint2.Task6.V5.Lib", "Tyuiu.SozonovaVA.Sprint2.Task6.V5.Lib\Tyuiu.SozonovaVA.Sprint2.Task6.V5.Lib.csproj", "{AB3E66AA-92C6-4BA6-9CF9-E830E9CD5E7B}"
EndProject
Project("{FAE04EC0-301F-11D3-BF4B-00C04F79EFBC}") = "Tyuiu.SozonovaVA.Sprint2.Task6.V5.Test", "Tyuiu.SozonovaVA.Sprint2.Task6.V5.Test\Tyuiu.SozonovaVA.Sprint2.Task6.V5.Test.csproj", "{9EF9EDE6-B782-4A01-9556-986F94030B60}"
EndProject
Project("{2150E333-8FDC-42A3-9474-1A3956D46DE8}") = "Task7", "Task7", "{8F9C0325-1C07-44C9-81A8-C7493AB42812}"
EndProject
Project("{FAE04EC0-301F-11D3-BF4B-00C04F79EFBC}") = "Tyuiu.SozonovaVA.Sprint2.Task7.V14", "Tyuiu.SozonovaVA.Sprint2.Task7.V14\Tyuiu.SozonovaVA.Sprint2.Task7.V14.csproj", "{A77F3F17-DC77-478F-94C4-FA2DD23AEB87}"
EndProject
Project("{FAE04EC0-301F-11D3-BF4B-00C04F79EFBC}") = "Tyuiu.SozonovaVA.Sprint2.Task7.V14.Lib", "Tyuiu.SozonovaVA.Sprint2.Task7.V14.Lib\Tyuiu.SozonovaVA.Sprint2.Task7.V14.Lib.csproj", "{7AFA08FA-2CDC-4114-A610-4DDEF963C5CD}"
EndProject
Project("{FAE04EC0-301F-11D3-BF4B-00C04F79EFBC}") = "Tyuiu.SozonovaVA.Sprint2.Task7.V14.Test", "Tyuiu.SozonovaVA.Sprint2.Task7.V14.Test\Tyuiu.SozonovaVA.Sprint2.Task7.V14.Test.csproj", "{7A8265CD-E85A-469C-8B7C-EE96ED4F7224}"
EndProject
Global
	GlobalSection(SolutionConfigurationPlatforms) = preSolution
		Debug|Any CPU = Debug|Any CPU
		Release|Any CPU = Release|Any CPU
	EndGlobalSection
	GlobalSection(ProjectConfigurationPlatforms) = postSolution
		{782B952A-8643-4ACE-AA40-5AAE3D3F9B17}.Debug|Any CPU.ActiveCfg = Debug|Any CPU
		{782B952A-8643-4ACE-AA40-5AAE3D3F9B17}.Debug|Any CPU.Build.0 = Debug|Any CPU
		{782B952A-8643-4ACE-AA40-5AAE3D3F9B17}.Release|Any CPU.ActiveCfg = Release|Any CPU
		{782B952A-8643-4ACE-AA40-5AAE3D3F9B17}.Release|Any CPU.Build.0 = Release|Any CPU
		{69770E50-3E53-4854-935E-60CD2850ECEB}.Debug|Any CPU.ActiveCfg = Debug|Any CPU
		{69770E50-3E53-4854-935E-60CD2850ECEB}.Debug|Any CPU.Build.0 = Debug|Any CPU
		{69770E50-3E53-4854-935E-60CD2850ECEB}.Release|Any CPU.ActiveCfg = Release|Any CPU
		{69770E50-3E53-4854-935E-60CD2850ECEB}.Release|Any CPU.Build.0 = Release|Any CPU
		{B17E53DB-6308-4846-B753-D69028C16E8E}.Debug|Any CPU.ActiveCfg = Debug|Any CPU
		{B17E53DB-6308-4846-B753-D69028C16E8E}.Debug|Any CPU.Build.0 = Debug|Any CPU
		{B17E53DB-6308-4846-B753-D69028C16E8E}.Release|Any CPU.ActiveCfg = Release|Any CPU
		{B17E53DB-6308-4846-B753-D69028C16E8E}.Release|Any CPU.Build.0 = Release|Any CPU
		{62A698CA-F3A7-4EA9-BFD8-7173CC6EFA77}.Debug|Any CPU.ActiveCfg = Debug|Any CPU
		{62A698CA-F3A7-4EA9-BFD8-7173CC6EFA77}.Debug|Any CPU.Build.0 = Debug|Any CPU
		{62A698CA-F3A7-4EA9-BFD8-7173CC6EFA77}.Release|Any CPU.ActiveCfg = Release|Any CPU
		{62A698CA-F3A7-4EA9-BFD8-7173CC6EFA77}.Release|Any CPU.Build.0 = Release|Any CPU
		{5F4A6883-99F1-44C5-8E65-4EE5A35BD88F}.Debug|Any CPU.ActiveCfg = Debug|Any CPU
		{5F4A6883-99F1-44C5-8E65-4EE5A35BD88F}.Debug|Any CPU.Build.0 = Debug|Any CPU
		{5F4A6883-99F1-44C5-8E65-4EE5A35BD88F}.Release|Any CPU.ActiveCfg = Release|Any CPU
		{5F4A6883-99F1-44C5-8E65-4EE5A35BD88F}.Release|Any CPU.Build.0 = Release|Any CPU
		{2DB88EFC-6D75-4F87-AF3F-2C311ABC468A}.Debug|Any CPU.ActiveCfg = Debug|Any CPU
		{2DB88EFC-6D75-4F87-AF3F-2C311ABC468A}.Debug|Any CPU.Build.0 = Debug|Any CPU
		{2DB88EFC-6D75-4F87-AF3F-2C311ABC468A}.Release|Any CPU.ActiveCfg = Release|Any CPU
		{2DB88EFC-6D75-4F87-AF3F-2C311ABC468A}.Release|Any CPU.Build.0 = Release|Any CPU
		{F6CFC61D-F0F6-4B43-8480-1D4EA430B28C}.Debug|Any CPU.ActiveCfg = Debug|Any CPU
		{F6CFC61D-F0F6-4B43-8480-1D4EA430B28C}.Debug|Any CPU.Build.0 = Debug|Any CPU
		{F6CFC61D-F0F6-4B43-8480-1D4EA430B28C}.Release|Any CPU.ActiveCfg = Release|Any CPU
		{F6CFC61D-F0F6-4B43-8480-1D4EA430B28C}.Release|Any CPU.Build.0 = Release|Any CPU
		{1C48E52C-B868-4619-A0AB-5E811B0391B5}.Debug|Any CPU.ActiveCfg = Debug|Any CPU
		{1C48E52C-B868-4619-A0AB-5E811B0391B5}.Debug|Any CPU.Build.0 = Debug|Any CPU
		{1C48E52C-B868-4619-A0AB-5E811B0391B5}.Release|Any CPU.ActiveCfg = Release|Any CPU
		{1C48E52C-B868-4619-A0AB-5E811B0391B5}.Release|Any CPU.Build.0 = Release|Any CPU
		{9A2A4731-45F2-4280-A992-6AEBC4B4E180}.Debug|Any CPU.ActiveCfg = Debug|Any CPU
		{9A2A4731-45F2-4280-A992-6AEBC4B4E180}.Debug|Any CPU.Build.0 = Debug|Any CPU
		{9A2A4731-45F2-4280-A992-6AEBC4B4E180}.Release|Any CPU.ActiveCfg = Release|Any CPU
		{9A2A4731-45F2-4280-A992-6AEBC4B4E180}.Release|Any CPU.Build.0 = Release|Any CPU
		{D8865970-0ADB-4A5D-A44B-CEB18E950906}.Debug|Any CPU.ActiveCfg = Debug|Any CPU
		{D8865970-0ADB-4A5D-A44B-CEB18E950906}.Debug|Any CPU.Build.0 = Debug|Any CPU
		{D8865970-0ADB-4A5D-A44B-CEB18E950906}.Release|Any CPU.ActiveCfg = Release|Any CPU
		{D8865970-0ADB-4A5D-A44B-CEB18E950906}.Release|Any CPU.Build.0 = Release|Any CPU
		{816BBDC4-512F-4804-848D-C1A1B8E7D718}.Debug|Any CPU.ActiveCfg = Debug|Any CPU
		{816BBDC4-512F-4804-848D-C1A1B8E7D718}.Debug|Any CPU.Build.0 = Debug|Any CPU
		{816BBDC4-512F-4804-848D-C1A1B8E7D718}.Release|Any CPU.ActiveCfg = Release|Any CPU
		{816BBDC4-512F-4804-848D-C1A1B8E7D718}.Release|Any CPU.Build.0 = Release|Any CPU
		{A1D9FFA1-183A-47A9-BDD4-73DF0154037B}.Debug|Any CPU.ActiveCfg = Debug|Any CPU
		{A1D9FFA1-183A-47A9-BDD4-73DF0154037B}.Debug|Any CPU.Build.0 = Debug|Any CPU
		{A1D9FFA1-183A-47A9-BDD4-73DF0154037B}.Release|Any CPU.ActiveCfg = Release|Any CPU
		{A1D9FFA1-183A-47A9-BDD4-73DF0154037B}.Release|Any CPU.Build.0 = Release|Any CPU
		{AF302F99-00ED-4F7F-B1B0-306D24949EE6}.Debug|Any CPU.ActiveCfg = Debug|Any CPU
		{AF302F99-00ED-4F7F-B1B0-306D24949EE6}.Debug|Any CPU.Build.0 = Debug|Any CPU
		{AF302F99-00ED-4F7F-B1B0-306D24949EE6}.Release|Any CPU.ActiveCfg = Release|Any CPU
		{AF302F99-00ED-4F7F-B1B0-306D24949EE6}.Release|Any CPU.Build.0 = Release|Any CPU
		{B6B7EF59-0E0E-4869-A218-BB77192FB261}.Debug|Any CPU.ActiveCfg = Debug|Any CPU
		{B6B7EF59-0E0E-4869-A218-BB77192FB261}.Debug|Any CPU.Build.0 = Debug|Any CPU
		{B6B7EF59-0E0E-4869-A218-BB77192FB261}.Release|Any CPU.ActiveCfg = Release|Any CPU
		{B6B7EF59-0E0E-4869-A218-BB77192FB261}.Release|Any CPU.Build.0 = Release|Any CPU
		{62C091BF-A5E1-4BB4-B667-5F6A8E1EA63C}.Debug|Any CPU.ActiveCfg = Debug|Any CPU
		{62C091BF-A5E1-4BB4-B667-5F6A8E1EA63C}.Debug|Any CPU.Build.0 = Debug|Any CPU
		{62C091BF-A5E1-4BB4-B667-5F6A8E1EA63C}.Release|Any CPU.ActiveCfg = Release|Any CPU
		{62C091BF-A5E1-4BB4-B667-5F6A8E1EA63C}.Release|Any CPU.Build.0 = Release|Any CPU
		{5FCAA26D-5BF7-4AED-AF68-64C81E2B51B5}.Debug|Any CPU.ActiveCfg = Debug|Any CPU
		{5FCAA26D-5BF7-4AED-AF68-64C81E2B51B5}.Debug|Any CPU.Build.0 = Debug|Any CPU
		{5FCAA26D-5BF7-4AED-AF68-64C81E2B51B5}.Release|Any CPU.ActiveCfg = Release|Any CPU
		{5FCAA26D-5BF7-4AED-AF68-64C81E2B51B5}.Release|Any CPU.Build.0 = Release|Any CPU
		{D1E9CB06-20FB-48AB-AA52-1A28DB49B968}.Debug|Any CPU.ActiveCfg = Debug|Any CPU
		{D1E9CB06-20FB-48AB-AA52-1A28DB49B968}.Debug|Any CPU.Build.0 = Debug|Any CPU
		{D1E9CB06-20FB-48AB-AA52-1A28DB49B968}.Release|Any CPU.ActiveCfg = Release|Any CPU
		{D1E9CB06-20FB-48AB-AA52-1A28DB49B968}.Release|Any CPU.Build.0 = Release|Any CPU
		{C7FE1F4E-108D-4723-A216-E829FDAF33E6}.Debug|Any CPU.ActiveCfg = Debug|Any CPU
		{C7FE1F4E-108D-4723-A216-E829FDAF33E6}.Debug|Any CPU.Build.0 = Debug|Any CPU
		{C7FE1F4E-108D-4723-A216-E829FDAF33E6}.Release|Any CPU.ActiveCfg = Release|Any CPU
		{C7FE1F4E-108D-4723-A216-E829FDAF33E6}.Release|Any CPU.Build.0 = Release|Any CPU
		{26669ABD-9725-4873-8141-BACE4BD99F01}.Debug|Any CPU.ActiveCfg = Debug|Any CPU
		{26669ABD-9725-4873-8141-BACE4BD99F01}.Debug|Any CPU.Build.0 = Debug|Any CPU
		{26669ABD-9725-4873-8141-BACE4BD99F01}.Release|Any CPU.ActiveCfg = Release|Any CPU
		{26669ABD-9725-4873-8141-BACE4BD99F01}.Release|Any CPU.Build.0 = Release|Any CPU
		{AB3E66AA-92C6-4BA6-9CF9-E830E9CD5E7B}.Debug|Any CPU.ActiveCfg = Debug|Any CPU
		{AB3E66AA-92C6-4BA6-9CF9-E830E9CD5E7B}.Debug|Any CPU.Build.0 = Debug|Any CPU
		{AB3E66AA-92C6-4BA6-9CF9-E830E9CD5E7B}.Release|Any CPU.ActiveCfg = Release|Any CPU
		{AB3E66AA-92C6-4BA6-9CF9-E830E9CD5E7B}.Release|Any CPU.Build.0 = Release|Any CPU
		{9EF9EDE6-B782-4A01-9556-986F94030B60}.Debug|Any CPU.ActiveCfg = Debug|Any CPU
		{9EF9EDE6-B782-4A01-9556-986F94030B60}.Debug|Any CPU.Build.0 = Debug|Any CPU
		{9EF9EDE6-B782-4A01-9556-986F94030B60}.Release|Any CPU.ActiveCfg = Release|Any CPU
		{9EF9EDE6-B782-4A01-9556-986F94030B60}.Release|Any CPU.Build.0 = Release|Any CPU
		{A77F3F17-DC77-478F-94C4-FA2DD23AEB87}.Debug|Any CPU.ActiveCfg = Debug|Any CPU
		{A77F3F17-DC77-478F-94C4-FA2DD23AEB87}.Debug|Any CPU.Build.0 = Debug|Any CPU
		{A77F3F17-DC77-478F-94C4-FA2DD23AEB87}.Release|Any CPU.ActiveCfg = Release|Any CPU
		{A77F3F17-DC77-478F-94C4-FA2DD23AEB87}.Release|Any CPU.Build.0 = Release|Any CPU
		{7AFA08FA-2CDC-4114-A610-4DDEF963C5CD}.Debug|Any CPU.ActiveCfg = Debug|Any CPU
		{7AFA08FA-2CDC-4114-A610-4DDEF963C5CD}.Debug|Any CPU.Build.0 = Debug|Any CPU
		{7AFA08FA-2CDC-4114-A610-4DDEF963C5CD}.Release|Any CPU.ActiveCfg = Release|Any CPU
		{7AFA08FA-2CDC-4114-A610-4DDEF963C5CD}.Release|Any CPU.Build.0 = Release|Any CPU
		{7A8265CD-E85A-469C-8B7C-EE96ED4F7224}.Debug|Any CPU.ActiveCfg = Debug|Any CPU
		{7A8265CD-E85A-469C-8B7C-EE96ED4F7224}.Debug|Any CPU.Build.0 = Debug|Any CPU
		{7A8265CD-E85A-469C-8B7C-EE96ED4F7224}.Release|Any CPU.ActiveCfg = Release|Any CPU
		{7A8265CD-E85A-469C-8B7C-EE96ED4F7224}.Release|Any CPU.Build.0 = Release|Any CPU
	EndGlobalSection
	GlobalSection(SolutionProperties) = preSolution
		HideSolutionNode = FALSE
	EndGlobalSection
	GlobalSection(NestedProjects) = preSolution
		{782B952A-8643-4ACE-AA40-5AAE3D3F9B17} = {02EA681E-C7D8-13C7-8484-4AC65E1B71E8}
		{69770E50-3E53-4854-935E-60CD2850ECEB} = {02EA681E-C7D8-13C7-8484-4AC65E1B71E8}
		{B17E53DB-6308-4846-B753-D69028C16E8E} = {02EA681E-C7D8-13C7-8484-4AC65E1B71E8}
		{62A698CA-F3A7-4EA9-BFD8-7173CC6EFA77} = {09BB30E2-F09C-4E33-9A00-FBBD74EC6189}
		{5F4A6883-99F1-44C5-8E65-4EE5A35BD88F} = {09BB30E2-F09C-4E33-9A00-FBBD74EC6189}
		{2DB88EFC-6D75-4F87-AF3F-2C311ABC468A} = {09BB30E2-F09C-4E33-9A00-FBBD74EC6189}
		{F6CFC61D-F0F6-4B43-8480-1D4EA430B28C} = {D4D1999C-BE74-447F-8908-BCE10BD7D334}
		{1C48E52C-B868-4619-A0AB-5E811B0391B5} = {D4D1999C-BE74-447F-8908-BCE10BD7D334}
		{9A2A4731-45F2-4280-A992-6AEBC4B4E180} = {D4D1999C-BE74-447F-8908-BCE10BD7D334}
		{D8865970-0ADB-4A5D-A44B-CEB18E950906} = {2DD10BC2-75C2-4740-8396-C2978F299F2B}
		{816BBDC4-512F-4804-848D-C1A1B8E7D718} = {2DD10BC2-75C2-4740-8396-C2978F299F2B}
		{A1D9FFA1-183A-47A9-BDD4-73DF0154037B} = {2DD10BC2-75C2-4740-8396-C2978F299F2B}
		{AF302F99-00ED-4F7F-B1B0-306D24949EE6} = {E35DC0F2-B843-4BB7-9A50-1CF350E0507A}
		{B6B7EF59-0E0E-4869-A218-BB77192FB261} = {E35DC0F2-B843-4BB7-9A50-1CF350E0507A}
		{62C091BF-A5E1-4BB4-B667-5F6A8E1EA63C} = {E35DC0F2-B843-4BB7-9A50-1CF350E0507A}
		{5FCAA26D-5BF7-4AED-AF68-64C81E2B51B5} = {6BCB1D52-BE98-481A-9286-4C040E56A318}
		{D1E9CB06-20FB-48AB-AA52-1A28DB49B968} = {6BCB1D52-BE98-481A-9286-4C040E56A318}
		{C7FE1F4E-108D-4723-A216-E829FDAF33E6} = {6BCB1D52-BE98-481A-9286-4C040E56A318}
		{26669ABD-9725-4873-8141-BACE4BD99F01} = {5E00AEDB-F739-4FD5-B14F-68C3375B2811}
		{AB3E66AA-92C6-4BA6-9CF9-E830E9CD5E7B} = {5E00AEDB-F739-4FD5-B14F-68C3375B2811}
		{9EF9EDE6-B782-4A01-9556-986F94030B60} = {5E00AEDB-F739-4FD5-B14F-68C3375B2811}
		{A77F3F17-DC77-478F-94C4-FA2DD23AEB87} = {8F9C0325-1C07-44C9-81A8-C7493AB42812}
		{7AFA08FA-2CDC-4114-A610-4DDEF963C5CD} = {8F9C0325-1C07-44C9-81A8-C7493AB42812}
		{7A8265CD-E85A-469C-8B7C-EE96ED4F7224} = {8F9C0325-1C07-44C9-81A8-C7493AB42812}
	EndGlobalSection
	GlobalSection(ExtensibilityGlobals) = postSolution
		SolutionGuid = {380DCD96-3CEC-4A01-9529-BD8F95A88269}
	EndGlobalSection
EndGlobal
